
Microsoft Visual Studio Solution File, Format Version 12.00
# Visual Studio Version 17
VisualStudioVersion = 17.2.32616.157
MinimumVisualStudioVersion = 10.0.40219.1
Project("{9A19103F-16F7-4668-BE54-9A1E7A4F7556}") = "AspNet-Task.Web", "AspNet-Task.Web\AspNet-Task.Web.csproj", "{0A10CDB7-660F-4EAB-B0B0-C4283A9124B6}"
EndProject
Global
	GlobalSection(SolutionConfigurationPlatforms) = preSolution
		Debug|Any CPU = Debug|Any CPU
		Release|Any CPU = Release|Any CPU
	EndGlobalSection
	GlobalSection(ProjectConfigurationPlatforms) = postSolution
		{0A10CDB7-660F-4EAB-B0B0-C4283A9124B6}.Debug|Any CPU.ActiveCfg = Debug|Any CPU
		{0A10CDB7-660F-4EAB-B0B0-C4283A9124B6}.Debug|Any CPU.Build.0 = Debug|Any CPU
		{0A10CDB7-660F-4EAB-B0B0-C4283A9124B6}.Release|Any CPU.ActiveCfg = Release|Any CPU
		{0A10CDB7-660F-4EAB-B0B0-C4283A9124B6}.Release|Any CPU.Build.0 = Release|Any CPU
	EndGlobalSection
	GlobalSection(SolutionProperties) = preSolution
		HideSolutionNode = FALSE
	EndGlobalSection
	GlobalSection(ExtensibilityGlobals) = postSolution
		SolutionGuid = {CE416FBD-AAA2-4518-A6D6-FCE801147C7D}
	EndGlobalSection
EndGlobal
